
Microsoft Visual Studio Solution File, Format Version 12.00
# Visual Studio Version 17
VisualStudioVersion = 17.2.32616.157
MinimumVisualStudioVersion = 10.0.40219.1
Project("{2150E333-8FDC-42A3-9474-1A3956D46DE8}") = "Client", "Client", "{9E9907A9-74D9-417F-A8D7-EC89ECB10D2F}"
EndProject
Project("{2150E333-8FDC-42A3-9474-1A3956D46DE8}") = "Server", "Server", "{D0DFFC68-A8FB-4F5C-B703-109CB2DD7113}"
EndProject
Project("{2150E333-8FDC-42A3-9474-1A3956D46DE8}") = "ThirdParty", "ThirdParty", "{F0DFFC68-A8FB-4F5C-B703-109CB2DD7113}"
EndProject
Project("{2150E333-8FDC-42A3-9474-1A3956D46DE8}") = "Tools", "Tools", "{F0DFFC68-A8FB-4F5C-B703-110CB2DD1998}"
EndProject


Project("{FAE04EC0-301F-11D3-BF4B-00C04F79EFBC}") = "Game.Hotfix", "Unity\Game.Hotfix.csproj", "{0C66ED81-3EA9-1AD8-5090-E8D25C939F75}"
EndProject
Project("{FAE04EC0-301F-11D3-BF4B-00C04F79EFBC}") = "UnityGameFramework.Runtime", "Unity\UnityGameFramework.Runtime.csproj", "{F3957A05-32FB-7A1D-1800-93B541CF6D76}"
EndProject
Project("{FAE04EC0-301F-11D3-BF4B-00C04F79EFBC}") = "GameFramework", "Unity\GameFramework.csproj", "{99F19A12-8911-B619-55FB-E6FF52055C84}"
EndProject
Project("{FAE04EC0-301F-11D3-BF4B-00C04F79EFBC}") = "Game.Mono", "Unity\Game.Mono.csproj", "{70D3EFAA-3327-BD04-AFAE-952E7608D229}"
EndProject
Project("{FAE04EC0-301F-11D3-BF4B-00C04F79EFBC}") = "ThirdParty", "Unity\ThirdParty.csproj", "{1C7A7AB1-0775-AE95-DA0A-05795629638F}"
EndProject
Project("{FAE04EC0-301F-11D3-BF4B-00C04F79EFBC}") = "UnityGameFramework.Editor", "Unity\UnityGameFramework.Editor.csproj", "{60EE053C-AFBD-40BD-5F9E-17703ECD8866}"
EndProject
Project("{FAE04EC0-301F-11D3-BF4B-00C04F79EFBC}") = "Game.Editor", "Unity\Game.Editor.csproj", "{8298DCBD-7315-42E6-2922-11891D8C374B}"
EndProject


Project("{9A19103F-16F7-4668-BE54-9A1E7A4F7556}") = "Server.App", "Server\App\Server.App.csproj", "{44AECBAC-97DB-4BD9-8F21-52E62F178A3D}"
EndProject
Project("{9A19103F-16F7-4668-BE54-9A1E7A4F7556}") = "Server.Hotfix", "Server\Hotfix\Server.Hotfix.csproj", "{414B8AED-F91D-4212-9AAF-8826EF85A066}"
EndProject
Project("{9A19103F-16F7-4668-BE54-9A1E7A4F7556}") = "Server.Model", "Server\Model\Server.Model.csproj", "{816C8E2D-3566-4C09-8D33-23E18DE45832}"
EndProject


Project("{9A19103F-16F7-4668-BE54-9A1E7A4F7556}") = "UnityEngine", "ThirdParty\UnityEngine\UnityEngine.csproj", "{936C8F2D-3566-4C09-8D33-23E18DE45832}"
EndProject
Project("{9A19103F-16F7-4668-BE54-9A1E7A4F7556}") = "ETTask", "ThirdParty\ETTask\ETTask.csproj", "{678C9F1D-4421-3C19-9D12-32E98DE96753}"
EndProject
Project("{9A19103F-16F7-4668-BE54-9A1E7A4F7556}") = "ShareLib", "ThirdParty\ShareLib\ShareLib.csproj", "{788B3D2F-6212-3C19-5D21-31E98DE95830}"
EndProject
Project("{9A19103F-16F7-4668-BE54-9A1E7A4F7556}") = "LubanLib", "ThirdParty\LubanLib\LubanLib.csproj", "{344B9D6F-3321-6C29-4D44-13E98DE27156}"
EndProject


Project("{9A19103F-16F7-4668-BE54-9A1E7A4F7556}") = "Analyzer", "Tools\Analyzer\Analyzer.csproj", "{936C8F2D-1998-4C09-8D44-23E18DE45966}"
EndProject
Global
	GlobalSection(SolutionConfigurationPlatforms) = preSolution
		Debug|Any CPU = Debug|Any CPU
		Release|Any CPU = Release|Any CPU
	EndGlobalSection
	GlobalSection(ProjectConfigurationPlatforms) = postSolution
		{0C66ED81-3EA9-1AD8-5090-E8D25C939F75}.Debug|Any CPU.ActiveCfg = Debug|Any CPU
		{0C66ED81-3EA9-1AD8-5090-E8D25C939F75}.Debug|Any CPU.Build.0 = Debug|Any CPU
		{0C66ED81-3EA9-1AD8-5090-E8D25C939F75}.Release|Any CPU.ActiveCfg = Release|Any CPU
		{0C66ED81-3EA9-1AD8-5090-E8D25C939F75}.Release|Any CPU.Build.0 = Release|Any CPU
		{F3957A05-32FB-7A1D-1800-93B541CF6D76}.Debug|Any CPU.ActiveCfg = Debug|Any CPU
		{F3957A05-32FB-7A1D-1800-93B541CF6D76}.Debug|Any CPU.Build.0 = Debug|Any CPU
		{F3957A05-32FB-7A1D-1800-93B541CF6D76}.Release|Any CPU.ActiveCfg = Release|Any CPU
		{F3957A05-32FB-7A1D-1800-93B541CF6D76}.Release|Any CPU.Build.0 = Release|Any CPU
		{99F19A12-8911-B619-55FB-E6FF52055C84}.Debug|Any CPU.ActiveCfg = Debug|Any CPU
		{99F19A12-8911-B619-55FB-E6FF52055C84}.Debug|Any CPU.Build.0 = Debug|Any CPU
		{99F19A12-8911-B619-55FB-E6FF52055C84}.Release|Any CPU.ActiveCfg = Release|Any CPU
		{99F19A12-8911-B619-55FB-E6FF52055C84}.Release|Any CPU.Build.0 = Release|Any CPU
		{70D3EFAA-3327-BD04-AFAE-952E7608D229}.Debug|Any CPU.ActiveCfg = Debug|Any CPU
		{70D3EFAA-3327-BD04-AFAE-952E7608D229}.Debug|Any CPU.Build.0 = Debug|Any CPU
		{70D3EFAA-3327-BD04-AFAE-952E7608D229}.Release|Any CPU.ActiveCfg = Release|Any CPU
		{70D3EFAA-3327-BD04-AFAE-952E7608D229}.Release|Any CPU.Build.0 = Release|Any CPU
		{1C7A7AB1-0775-AE95-DA0A-05795629638F}.Debug|Any CPU.ActiveCfg = Debug|Any CPU
		{1C7A7AB1-0775-AE95-DA0A-05795629638F}.Debug|Any CPU.Build.0 = Debug|Any CPU
		{1C7A7AB1-0775-AE95-DA0A-05795629638F}.Release|Any CPU.ActiveCfg = Release|Any CPU
		{1C7A7AB1-0775-AE95-DA0A-05795629638F}.Release|Any CPU.Build.0 = Release|Any CPU
		{60EE053C-AFBD-40BD-5F9E-17703ECD8866}.Debug|Any CPU.ActiveCfg = Debug|Any CPU
		{60EE053C-AFBD-40BD-5F9E-17703ECD8866}.Debug|Any CPU.Build.0 = Debug|Any CPU
		{60EE053C-AFBD-40BD-5F9E-17703ECD8866}.Release|Any CPU.ActiveCfg = Release|Any CPU
		{60EE053C-AFBD-40BD-5F9E-17703ECD8866}.Release|Any CPU.Build.0 = Release|Any CPU
		{8298DCBD-7315-42E6-2922-11891D8C374B}.Debug|Any CPU.ActiveCfg = Debug|Any CPU
		{8298DCBD-7315-42E6-2922-11891D8C374B}.Debug|Any CPU.Build.0 = Debug|Any CPU
		{8298DCBD-7315-42E6-2922-11891D8C374B}.Release|Any CPU.ActiveCfg = Release|Any CPU
		{8298DCBD-7315-42E6-2922-11891D8C374B}.Release|Any CPU.Build.0 = Release|Any CPU
		{44AECBAC-97DB-4BD9-8F21-52E62F178A3D}.Debug|Any CPU.ActiveCfg = Debug|Any CPU
		{44AECBAC-97DB-4BD9-8F21-52E62F178A3D}.Debug|Any CPU.Build.0 = Debug|Any CPU
		{44AECBAC-97DB-4BD9-8F21-52E62F178A3D}.Release|Any CPU.ActiveCfg = Release|Any CPU
		{44AECBAC-97DB-4BD9-8F21-52E62F178A3D}.Release|Any CPU.Build.0 = Release|Any CPU
		{414B8AED-F91D-4212-9AAF-8826EF85A066}.Debug|Any CPU.ActiveCfg = Debug|Any CPU
		{414B8AED-F91D-4212-9AAF-8826EF85A066}.Debug|Any CPU.Build.0 = Debug|Any CPU
		{414B8AED-F91D-4212-9AAF-8826EF85A066}.Release|Any CPU.ActiveCfg = Release|Any CPU
		{414B8AED-F91D-4212-9AAF-8826EF85A066}.Release|Any CPU.Build.0 = Release|Any CPU
		{816C8E2D-3566-4C09-8D33-23E18DE45832}.Debug|Any CPU.ActiveCfg = Debug|Any CPU
		{816C8E2D-3566-4C09-8D33-23E18DE45832}.Debug|Any CPU.Build.0 = Debug|Any CPU
		{816C8E2D-3566-4C09-8D33-23E18DE45832}.Release|Any CPU.ActiveCfg = Release|Any CPU
		{816C8E2D-3566-4C09-8D33-23E18DE45832}.Release|Any CPU.Build.0 = Release|Any CPU
		{936C8F2D-3566-4C09-8D33-23E18DE45832}.Debug|Any CPU.ActiveCfg = Debug|Any CPU
		{936C8F2D-3566-4C09-8D33-23E18DE45832}.Debug|Any CPU.Build.0 = Debug|Any CPU
		{936C8F2D-3566-4C09-8D33-23E18DE45832}.Release|Any CPU.ActiveCfg = Release|Any CPU
		{936C8F2D-3566-4C09-8D33-23E18DE45832}.Release|Any CPU.Build.0 = Release|Any CPU
		{936C8F2D-1998-4C09-8D44-23E18DE45966}.Debug|Any CPU.ActiveCfg = Debug|Any CPU
		{936C8F2D-1998-4C09-8D44-23E18DE45966}.Debug|Any CPU.Build.0 = Debug|Any CPU
		{936C8F2D-1998-4C09-8D44-23E18DE45966}.Release|Any CPU.ActiveCfg = Release|Any CPU
		{936C8F2D-1998-4C09-8D44-23E18DE45966}.Release|Any CPU.Build.0 = Release|Any CPU
		{678C9F1D-4421-3C19-9D12-32E98DE96753}.Debug|Any CPU.ActiveCfg = Debug|Any CPU
		{678C9F1D-4421-3C19-9D12-32E98DE96753}.Debug|Any CPU.Build.0 = Debug|Any CPU
		{678C9F1D-4421-3C19-9D12-32E98DE96753}.Release|Any CPU.ActiveCfg = Release|Any CPU
		{678C9F1D-4421-3C19-9D12-32E98DE96753}.Release|Any CPU.Build.0 = Release|Any CPU
		{788B3D2F-6212-3C19-5D21-31E98DE95830}.Debug|Any CPU.ActiveCfg = Debug|Any CPU
		{788B3D2F-6212-3C19-5D21-31E98DE95830}.Debug|Any CPU.Build.0 = Debug|Any CPU
		{788B3D2F-6212-3C19-5D21-31E98DE95830}.Release|Any CPU.ActiveCfg = Release|Any CPU
		{788B3D2F-6212-3C19-5D21-31E98DE95830}.Release|Any CPU.Build.0 = Release|Any CPU
		{344B9D6F-3321-6C29-4D44-13E98DE27156}.Debug|Any CPU.ActiveCfg = Debug|Any CPU
		{344B9D6F-3321-6C29-4D44-13E98DE27156}.Debug|Any CPU.Build.0 = Debug|Any CPU
		{344B9D6F-3321-6C29-4D44-13E98DE27156}.Release|Any CPU.ActiveCfg = Release|Any CPU
		{344B9D6F-3321-6C29-4D44-13E98DE27156}.Release|Any CPU.Build.0 = Release|Any CPU
		
	EndGlobalSection
	GlobalSection(SolutionProperties) = preSolution
		HideSolutionNode = FALSE
	EndGlobalSection
	GlobalSection(NestedProjects) = preSolution
		{0C66ED81-3EA9-1AD8-5090-E8D25C939F75} = {9E9907A9-74D9-417F-A8D7-EC89ECB10D2F}
		{F3957A05-32FB-7A1D-1800-93B541CF6D76} = {9E9907A9-74D9-417F-A8D7-EC89ECB10D2F}
		{99F19A12-8911-B619-55FB-E6FF52055C84} = {9E9907A9-74D9-417F-A8D7-EC89ECB10D2F}
		{70D3EFAA-3327-BD04-AFAE-952E7608D229} = {9E9907A9-74D9-417F-A8D7-EC89ECB10D2F}
		{1C7A7AB1-0775-AE95-DA0A-05795629638F} = {9E9907A9-74D9-417F-A8D7-EC89ECB10D2F}
		{60EE053C-AFBD-40BD-5F9E-17703ECD8866} = {9E9907A9-74D9-417F-A8D7-EC89ECB10D2F}
		{8298DCBD-7315-42E6-2922-11891D8C374B} = {9E9907A9-74D9-417F-A8D7-EC89ECB10D2F}
		{44AECBAC-97DB-4BD9-8F21-52E62F178A3D} = {D0DFFC68-A8FB-4F5C-B703-109CB2DD7113}
		{414B8AED-F91D-4212-9AAF-8826EF85A066} = {D0DFFC68-A8FB-4F5C-B703-109CB2DD7113}
		{816C8E2D-3566-4C09-8D33-23E18DE45832} = {D0DFFC68-A8FB-4F5C-B703-109CB2DD7113}
		{936C8F2D-3566-4C09-8D33-23E18DE45832} = {F0DFFC68-A8FB-4F5C-B703-109CB2DD7113}
		{936C8F2D-1998-4C09-8D44-23E18DE45966} = {F0DFFC68-A8FB-4F5C-B703-110CB2DD1998}
		{678C9F1D-4421-3C19-9D12-32E98DE96753} = {F0DFFC68-A8FB-4F5C-B703-109CB2DD7113}
		{788B3D2F-6212-3C19-5D21-31E98DE95830} = {F0DFFC68-A8FB-4F5C-B703-109CB2DD7113}
		{344B9D6F-3321-6C29-4D44-13E98DE27156} = {F0DFFC68-A8FB-4F5C-B703-109CB2DD7113}
	EndGlobalSection
	GlobalSection(ExtensibilityGlobals) = postSolution
		SolutionGuid = {C1487E3D-114B-46AB-93B5-B927217ACD24}
	EndGlobalSection
EndGlobal
